
Microsoft Visual Studio Solution File, Format Version 12.00
# Visual Studio Version 17
VisualStudioVersion = 17.11.35222.181
MinimumVisualStudioVersion = 10.0.40219.1
Project("{FAE04EC0-301F-11D3-BF4B-00C04F79EFBC}") = "ProSwift_DataExtractor", "ProSwift_DataExtractor\ProSwift_DataExtractor.csproj", "{0B2E1528-E53F-4CB7-9615-5ACAB00FA7C3}"
EndProject
Global
	GlobalSection(SolutionConfigurationPlatforms) = preSolution
		Debug|Any CPU = Debug|Any CPU
		Release|Any CPU = Release|Any CPU
	EndGlobalSection
	GlobalSection(ProjectConfigurationPlatforms) = postSolution
		{0B2E1528-E53F-4CB7-9615-5ACAB00FA7C3}.Debug|Any CPU.ActiveCfg = Debug|Any CPU
		{0B2E1528-E53F-4CB7-9615-5ACAB00FA7C3}.Debug|Any CPU.Build.0 = Debug|Any CPU
		{0B2E1528-E53F-4CB7-9615-5ACAB00FA7C3}.Release|Any CPU.ActiveCfg = Release|Any CPU
		{0B2E1528-E53F-4CB7-9615-5ACAB00FA7C3}.Release|Any CPU.Build.0 = Release|Any CPU
	EndGlobalSection
	GlobalSection(SolutionProperties) = preSolution
		HideSolutionNode = FALSE
	EndGlobalSection
	GlobalSection(ExtensibilityGlobals) = postSolution
		SolutionGuid = {18D0E272-8109-4003-B584-71BECA89C8AB}
	EndGlobalSection
EndGlobal
